
Microsoft Visual Studio Solution File, Format Version 12.00
# Visual Studio Version 16
VisualStudioVersion = 16.0.29326.143
MinimumVisualStudioVersion = 10.0.40219.1
Project("{FAE04EC0-301F-11D3-BF4B-00C04F79EFBC}") = "ReactTypescriptStarter", "ReactTypescriptStarter\ReactTypescriptStarter.csproj", "{0B848F7D-40AB-44E8-8AAA-64AC6D79A12C}"
EndProject
Global
	GlobalSection(SolutionConfigurationPlatforms) = preSolution
		Debug|Any CPU = Debug|Any CPU
		Release|Any CPU = Release|Any CPU
	EndGlobalSection
	GlobalSection(ProjectConfigurationPlatforms) = postSolution
		{0B848F7D-40AB-44E8-8AAA-64AC6D79A12C}.Debug|Any CPU.ActiveCfg = Debug|Any CPU
		{0B848F7D-40AB-44E8-8AAA-64AC6D79A12C}.Debug|Any CPU.Build.0 = Debug|Any CPU
		{0B848F7D-40AB-44E8-8AAA-64AC6D79A12C}.Release|Any CPU.ActiveCfg = Release|Any CPU
		{0B848F7D-40AB-44E8-8AAA-64AC6D79A12C}.Release|Any CPU.Build.0 = Release|Any CPU
	EndGlobalSection
	GlobalSection(SolutionProperties) = preSolution
		HideSolutionNode = FALSE
	EndGlobalSection
	GlobalSection(ExtensibilityGlobals) = postSolution
		SolutionGuid = {AFDEAD45-306F-4892-ADAB-42D7A607AB84}
	EndGlobalSection
EndGlobal
